# This file is automatically generated.
# It is not intended for manual editing.
version = 1

[[packages]]
name = "wasi:cli"
registry = "wasi.dev"

[[packages.versions]]
requirement = "=0.3.0"
version = "0.3.0"
digest = "sha256:3a2d58743b67a057f7210b9a73d3b21b34ec7895ffe34d1cb092927307156e40"

[[packages]]
name = "wasmcloud:host"
registry = "wasmcloud.com"

[[packages.versions]]
requirement = "=0.1.3"
version = "0.1.3"
digest = "sha256:0933cbfd8baaf31ff76bf69bc7d7b9dec0adc6d45a5f636ada911b9d6bb430f0"
